schema: '2.0'
stages:
  data_ingestion:
    cmd: python -m src.pipeline.data_ingestion_pipeline
    deps:
    - path: config.yaml
      hash: md5
      md5: 8d94e55a38b5d70017641c0504d6e437
      size: 444
    - path: src/components/data_ingestion.py
      hash: md5
      md5: dd77042556041118eb7e25004ba20d86
      size: 3057
    - path: src/pipeline/data_ingestion_pipeline.py
      hash: md5
      md5: 902cb01023605b28a4c014141f7ecf97
      size: 944
  preprocessing:
    cmd: python -m src.pipeline.preprocessing_pipeline
    deps:
    - path: artifacts/data_ingestion
      hash: md5
      md5: 156dd5fe9dfdf28e2eea588eef75a5f4.dir
      size: 15741950432
      nfiles: 286
    - path: config.yaml
      hash: md5
      md5: 8d94e55a38b5d70017641c0504d6e437
      size: 444
    - path: src/components/preprocessing.py
      hash: md5
      md5: a24711b8d4088c4adaeaeada0a8e6b9a
      size: 17143
    - path: src/pipeline/preprocessing_pipeline.py
      hash: md5
      md5: 3d9b6537f2c04730d5d62a1687785bd4
      size: 699
    outs:
    - path: artifacts/preprocessing
      hash: md5
      md5: 1076c9a6a518c540d879eca0fd6eee7b.dir
      size: 35919454
      nfiles: 2566
  feature_extraction:
    cmd: python -m src.pipeline.feature_extraction_pipeline
    deps:
    - path: artifacts/preprocessing
      hash: md5
      md5: 1076c9a6a518c540d879eca0fd6eee7b.dir
      size: 35919454
      nfiles: 2566
    - path: src/components/feature_extraction.py
      hash: md5
      md5: a3d24cd6ef2b02c954507f81941fb43c
      size: 23014
    - path: src/pipeline/feature_extraction_pipeline.py
      hash: md5
      md5: 8077759cdfa1fc6d5e80d6c61bfd3a00
      size: 3124
    outs:
    - path: artifacts/features
      hash: md5
      md5: a1de262658dccb1394e9d597c32a59f4.dir
      size: 11610439
      nfiles: 3
  model_training:
    cmd: python -m src.pipeline.model_training_pipeline
    deps:
    - path: artifacts/features
      hash: md5
      md5: a1de262658dccb1394e9d597c32a59f4.dir
      size: 11610439
      nfiles: 3
    - path: src/components/model_training.py
      hash: md5
      md5: d73a8cba1a24541424f5c95b0e769904
      size: 37784
    - path: src/pipeline/model_training_pipeline.py
      hash: md5
      md5: f9e9b8bc0b1049f75a1e35ec7e610182
      size: 629
    outs:
    - path: artifacts/models/best_model.pkl
      hash: md5
      md5: 22d55fb2e7c85f4de9c435b6151e6dd6
      size: 3333161
  model_evaluation:
    cmd: python -m src.pipeline.model_evaluation_pipeline
    deps:
    - path: artifacts/features/test_features.csv
      hash: md5
      md5: 036f26b1db63b81e72688ed5e63b81b0
      size: 266950
    - path: artifacts/models/best_model.pkl
      hash: md5
      md5: 22d55fb2e7c85f4de9c435b6151e6dd6
      size: 3333161
    - path: src/components/model_evaluation.py
      hash: md5
      md5: 2e34bd0bfd9d55f1a1c2616932330735
      size: 39669
    - path: src/pipeline/model_evaluation_pipeline.py
      hash: md5
      md5: 5b0a1b221e7851588fdcd93381ead581
      size: 595
